
Microsoft Visual Studio Solution File, Format Version 12.00
# Visual Studio Version 17
VisualStudioVersion = 17.8.34525.116
MinimumVisualStudioVersion = 10.0.40219.1
Project("{9A19103F-16F7-4668-BE54-9A1E7A4F7556}") = "Todos.Api", "ToDoList\Todos.Api.csproj", "{85D15235-9286-44FC-B41C-23895E61D07A}"
EndProject
Project("{9A19103F-16F7-4668-BE54-9A1E7A4F7556}") = "Todos.Domain", "Todos.Domain\Todos.Domain.csproj", "{E011E7C9-948F-4AF4-BA97-61FE2F3F34F1}"
EndProject
Project("{9A19103F-16F7-4668-BE54-9A1E7A4F7556}") = "Todos.Service", "Todos.Service\Todos.Service.csproj", "{B97025C3-2F3A-49BC-BA68-A0C299EBFCA0}"
EndProject
Project("{9A19103F-16F7-4668-BE54-9A1E7A4F7556}") = "Users.Api", "Users.Api\Users.Api.csproj", "{DEB1CE1E-F6D5-4327-8BDF-97EA2B2FBF23}"
EndProject
Project("{9A19103F-16F7-4668-BE54-9A1E7A4F7556}") = "Users.Service", "Users.Service\Users.Service.csproj", "{689BFB5F-BB5F-4742-8AF6-8100E2FC9963}"
EndProject
Project("{9A19103F-16F7-4668-BE54-9A1E7A4F7556}") = "Common.Repositories", "CommonRepositories\Common.Repositories.csproj", "{97D2B31C-DCA5-4B25-B0DD-13924E8B96C4}"
EndProject
Project("{9A19103F-16F7-4668-BE54-9A1E7A4F7556}") = "Common.Domain", "Common.Domain\Common.Domain.csproj", "{3CD0029D-D5BA-45DE-BE60-BC62C5D7AD86}"
EndProject
Project("{2150E333-8FDC-42A3-9474-1A3956D46DE8}") = "Todos", "Todos", "{D20ADF22-0681-497B-8547-EA4F340A4276}"
EndProject
Project("{2150E333-8FDC-42A3-9474-1A3956D46DE8}") = "Users", "Users", "{1D7F7DD1-F75A-4718-9C44-2060FB555B5C}"
EndProject
Project("{2150E333-8FDC-42A3-9474-1A3956D46DE8}") = "Common", "Common", "{C08339AE-6B80-4D73-9FD3-5BEBF7DB95BF}"
EndProject
Global
	GlobalSection(SolutionConfigurationPlatforms) = preSolution
		Debug|Any CPU = Debug|Any CPU
		Release|Any CPU = Release|Any CPU
	EndGlobalSection
	GlobalSection(ProjectConfigurationPlatforms) = postSolution
		{85D15235-9286-44FC-B41C-23895E61D07A}.Debug|Any CPU.ActiveCfg = Debug|Any CPU
		{85D15235-9286-44FC-B41C-23895E61D07A}.Debug|Any CPU.Build.0 = Debug|Any CPU
		{85D15235-9286-44FC-B41C-23895E61D07A}.Release|Any CPU.ActiveCfg = Release|Any CPU
		{85D15235-9286-44FC-B41C-23895E61D07A}.Release|Any CPU.Build.0 = Release|Any CPU
		{E011E7C9-948F-4AF4-BA97-61FE2F3F34F1}.Debug|Any CPU.ActiveCfg = Debug|Any CPU
		{E011E7C9-948F-4AF4-BA97-61FE2F3F34F1}.Debug|Any CPU.Build.0 = Debug|Any CPU
		{E011E7C9-948F-4AF4-BA97-61FE2F3F34F1}.Release|Any CPU.ActiveCfg = Release|Any CPU
		{E011E7C9-948F-4AF4-BA97-61FE2F3F34F1}.Release|Any CPU.Build.0 = Release|Any CPU
		{B97025C3-2F3A-49BC-BA68-A0C299EBFCA0}.Debug|Any CPU.ActiveCfg = Debug|Any CPU
		{B97025C3-2F3A-49BC-BA68-A0C299EBFCA0}.Debug|Any CPU.Build.0 = Debug|Any CPU
		{B97025C3-2F3A-49BC-BA68-A0C299EBFCA0}.Release|Any CPU.ActiveCfg = Release|Any CPU
		{B97025C3-2F3A-49BC-BA68-A0C299EBFCA0}.Release|Any CPU.Build.0 = Release|Any CPU
		{DEB1CE1E-F6D5-4327-8BDF-97EA2B2FBF23}.Debug|Any CPU.ActiveCfg = Debug|Any CPU
		{DEB1CE1E-F6D5-4327-8BDF-97EA2B2FBF23}.Debug|Any CPU.Build.0 = Debug|Any CPU
		{DEB1CE1E-F6D5-4327-8BDF-97EA2B2FBF23}.Release|Any CPU.ActiveCfg = Release|Any CPU
		{DEB1CE1E-F6D5-4327-8BDF-97EA2B2FBF23}.Release|Any CPU.Build.0 = Release|Any CPU
		{689BFB5F-BB5F-4742-8AF6-8100E2FC9963}.Debug|Any CPU.ActiveCfg = Debug|Any CPU
		{689BFB5F-BB5F-4742-8AF6-8100E2FC9963}.Debug|Any CPU.Build.0 = Debug|Any CPU
		{689BFB5F-BB5F-4742-8AF6-8100E2FC9963}.Release|Any CPU.ActiveCfg = Release|Any CPU
		{689BFB5F-BB5F-4742-8AF6-8100E2FC9963}.Release|Any CPU.Build.0 = Release|Any CPU
		{97D2B31C-DCA5-4B25-B0DD-13924E8B96C4}.Debug|Any CPU.ActiveCfg = Debug|Any CPU
		{97D2B31C-DCA5-4B25-B0DD-13924E8B96C4}.Debug|Any CPU.Build.0 = Debug|Any CPU
		{97D2B31C-DCA5-4B25-B0DD-13924E8B96C4}.Release|Any CPU.ActiveCfg = Release|Any CPU
		{97D2B31C-DCA5-4B25-B0DD-13924E8B96C4}.Release|Any CPU.Build.0 = Release|Any CPU
		{3CD0029D-D5BA-45DE-BE60-BC62C5D7AD86}.Debug|Any CPU.ActiveCfg = Debug|Any CPU
		{3CD0029D-D5BA-45DE-BE60-BC62C5D7AD86}.Debug|Any CPU.Build.0 = Debug|Any CPU
		{3CD0029D-D5BA-45DE-BE60-BC62C5D7AD86}.Release|Any CPU.ActiveCfg = Release|Any CPU
		{3CD0029D-D5BA-45DE-BE60-BC62C5D7AD86}.Release|Any CPU.Build.0 = Release|Any CPU
	EndGlobalSection
	GlobalSection(SolutionProperties) = preSolution
		HideSolutionNode = FALSE
	EndGlobalSection
	GlobalSection(NestedProjects) = preSolution
		{85D15235-9286-44FC-B41C-23895E61D07A} = {D20ADF22-0681-497B-8547-EA4F340A4276}
		{E011E7C9-948F-4AF4-BA97-61FE2F3F34F1} = {D20ADF22-0681-497B-8547-EA4F340A4276}
		{B97025C3-2F3A-49BC-BA68-A0C299EBFCA0} = {D20ADF22-0681-497B-8547-EA4F340A4276}
		{DEB1CE1E-F6D5-4327-8BDF-97EA2B2FBF23} = {1D7F7DD1-F75A-4718-9C44-2060FB555B5C}
		{689BFB5F-BB5F-4742-8AF6-8100E2FC9963} = {1D7F7DD1-F75A-4718-9C44-2060FB555B5C}
		{97D2B31C-DCA5-4B25-B0DD-13924E8B96C4} = {C08339AE-6B80-4D73-9FD3-5BEBF7DB95BF}
		{3CD0029D-D5BA-45DE-BE60-BC62C5D7AD86} = {C08339AE-6B80-4D73-9FD3-5BEBF7DB95BF}
	EndGlobalSection
	GlobalSection(ExtensibilityGlobals) = postSolution
		SolutionGuid = {7788AED8-7D9A-4D6A-96A9-E85CFB8C22BD}
	EndGlobalSection
EndGlobal
