
Microsoft Visual Studio Solution File, Format Version 12.00
# Visual Studio Version 17
VisualStudioVersion = 17.8.34525.116
MinimumVisualStudioVersion = 10.0.40219.1
Project("{9A19103F-16F7-4668-BE54-9A1E7A4F7556}") = "Users.Api", "Users.Api\Users.Api.csproj", "{DEB1CE1E-F6D5-4327-8BDF-97EA2B2FBF23}"
EndProject
Project("{9A19103F-16F7-4668-BE54-9A1E7A4F7556}") = "Common.Persistence", "CommonRepositories\Common.Persistence.csproj", "{97D2B31C-DCA5-4B25-B0DD-13924E8B96C4}"
EndProject
Project("{9A19103F-16F7-4668-BE54-9A1E7A4F7556}") = "Common.Domain", "Common.Domain\Common.Domain.csproj", "{3CD0029D-D5BA-45DE-BE60-BC62C5D7AD86}"
EndProject
Project("{9A19103F-16F7-4668-BE54-9A1E7A4F7556}") = "Common.Api", "Common.Api\Common.Api.csproj", "{99E7C492-D7F6-45BA-92C7-7C1B24B0E6D7}"
EndProject
Project("{9A19103F-16F7-4668-BE54-9A1E7A4F7556}") = "Authorization.Api", "Authorization.Api\Authorization.Api.csproj", "{814A4BC2-E8AA-4E62-B450-1F3A5549433B}"
EndProject
Project("{9A19103F-16F7-4668-BE54-9A1E7A4F7556}") = "Users.Application", "Users.Application\Users.Application.csproj", "{A23AFFC6-DA6D-43EF-AE96-C1CEB0A24E2C}"
EndProject
Project("{9A19103F-16F7-4668-BE54-9A1E7A4F7556}") = "Common.Application", "Common.Application\Common.Application.csproj", "{47C1074B-4696-4B1F-8B8B-85D5DB610689}"
EndProject
Project("{2150E333-8FDC-42A3-9474-1A3956D46DE8}") = "Infrastructure", "Infrastructure", "{F25B916E-376A-4D78-AB6F-009050BD8A9B}"
EndProject
Project("{2150E333-8FDC-42A3-9474-1A3956D46DE8}") = "Core", "Core", "{3CB4112A-2303-4AC2-95DC-B6864D081E22}"
EndProject
Project("{2150E333-8FDC-42A3-9474-1A3956D46DE8}") = "Presentation", "Presentation", "{BC380105-EF37-45C2-9229-15D3A0C188D9}"
EndProject
Project("{9A19103F-16F7-4668-BE54-9A1E7A4F7556}") = "Auth.Application", "Auth.Application\Auth.Application.csproj", "{472819ED-3CBE-4172-9595-1F2377B664C5}"
EndProject
Project("{FAE04EC0-301F-11D3-BF4B-00C04F79EFBC}") = "Todos.Application", "Todos.Application\Todos.Application.csproj", "{9CFDDFF9-7F48-4F01-8207-8B635A618037}"
EndProject
Project("{FAE04EC0-301F-11D3-BF4B-00C04F79EFBC}") = "Todos.Api", "Todos.Api\Todos.Api.csproj", "{1E1A427E-BA25-43BD-BAAB-B39FD774822E}"
EndProject
Global
	GlobalSection(SolutionConfigurationPlatforms) = preSolution
		Debug|Any CPU = Debug|Any CPU
		Release|Any CPU = Release|Any CPU
	EndGlobalSection
	GlobalSection(ProjectConfigurationPlatforms) = postSolution
		{DEB1CE1E-F6D5-4327-8BDF-97EA2B2FBF23}.Debug|Any CPU.ActiveCfg = Debug|Any CPU
		{DEB1CE1E-F6D5-4327-8BDF-97EA2B2FBF23}.Debug|Any CPU.Build.0 = Debug|Any CPU
		{DEB1CE1E-F6D5-4327-8BDF-97EA2B2FBF23}.Release|Any CPU.ActiveCfg = Release|Any CPU
		{DEB1CE1E-F6D5-4327-8BDF-97EA2B2FBF23}.Release|Any CPU.Build.0 = Release|Any CPU
		{97D2B31C-DCA5-4B25-B0DD-13924E8B96C4}.Debug|Any CPU.ActiveCfg = Debug|Any CPU
		{97D2B31C-DCA5-4B25-B0DD-13924E8B96C4}.Debug|Any CPU.Build.0 = Debug|Any CPU
		{97D2B31C-DCA5-4B25-B0DD-13924E8B96C4}.Release|Any CPU.ActiveCfg = Release|Any CPU
		{97D2B31C-DCA5-4B25-B0DD-13924E8B96C4}.Release|Any CPU.Build.0 = Release|Any CPU
		{3CD0029D-D5BA-45DE-BE60-BC62C5D7AD86}.Debug|Any CPU.ActiveCfg = Debug|Any CPU
		{3CD0029D-D5BA-45DE-BE60-BC62C5D7AD86}.Debug|Any CPU.Build.0 = Debug|Any CPU
		{3CD0029D-D5BA-45DE-BE60-BC62C5D7AD86}.Release|Any CPU.ActiveCfg = Release|Any CPU
		{3CD0029D-D5BA-45DE-BE60-BC62C5D7AD86}.Release|Any CPU.Build.0 = Release|Any CPU
		{99E7C492-D7F6-45BA-92C7-7C1B24B0E6D7}.Debug|Any CPU.ActiveCfg = Debug|Any CPU
		{99E7C492-D7F6-45BA-92C7-7C1B24B0E6D7}.Debug|Any CPU.Build.0 = Debug|Any CPU
		{99E7C492-D7F6-45BA-92C7-7C1B24B0E6D7}.Release|Any CPU.ActiveCfg = Release|Any CPU
		{99E7C492-D7F6-45BA-92C7-7C1B24B0E6D7}.Release|Any CPU.Build.0 = Release|Any CPU
		{814A4BC2-E8AA-4E62-B450-1F3A5549433B}.Debug|Any CPU.ActiveCfg = Debug|Any CPU
		{814A4BC2-E8AA-4E62-B450-1F3A5549433B}.Debug|Any CPU.Build.0 = Debug|Any CPU
		{814A4BC2-E8AA-4E62-B450-1F3A5549433B}.Release|Any CPU.ActiveCfg = Release|Any CPU
		{814A4BC2-E8AA-4E62-B450-1F3A5549433B}.Release|Any CPU.Build.0 = Release|Any CPU
		{A23AFFC6-DA6D-43EF-AE96-C1CEB0A24E2C}.Debug|Any CPU.ActiveCfg = Debug|Any CPU
		{A23AFFC6-DA6D-43EF-AE96-C1CEB0A24E2C}.Debug|Any CPU.Build.0 = Debug|Any CPU
		{A23AFFC6-DA6D-43EF-AE96-C1CEB0A24E2C}.Release|Any CPU.ActiveCfg = Release|Any CPU
		{A23AFFC6-DA6D-43EF-AE96-C1CEB0A24E2C}.Release|Any CPU.Build.0 = Release|Any CPU
		{47C1074B-4696-4B1F-8B8B-85D5DB610689}.Debug|Any CPU.ActiveCfg = Debug|Any CPU
		{47C1074B-4696-4B1F-8B8B-85D5DB610689}.Debug|Any CPU.Build.0 = Debug|Any CPU
		{47C1074B-4696-4B1F-8B8B-85D5DB610689}.Release|Any CPU.ActiveCfg = Release|Any CPU
		{47C1074B-4696-4B1F-8B8B-85D5DB610689}.Release|Any CPU.Build.0 = Release|Any CPU
		{472819ED-3CBE-4172-9595-1F2377B664C5}.Debug|Any CPU.ActiveCfg = Debug|Any CPU
		{472819ED-3CBE-4172-9595-1F2377B664C5}.Debug|Any CPU.Build.0 = Debug|Any CPU
		{472819ED-3CBE-4172-9595-1F2377B664C5}.Release|Any CPU.ActiveCfg = Release|Any CPU
		{472819ED-3CBE-4172-9595-1F2377B664C5}.Release|Any CPU.Build.0 = Release|Any CPU
		{9CFDDFF9-7F48-4F01-8207-8B635A618037}.Debug|Any CPU.ActiveCfg = Debug|Any CPU
		{9CFDDFF9-7F48-4F01-8207-8B635A618037}.Debug|Any CPU.Build.0 = Debug|Any CPU
		{9CFDDFF9-7F48-4F01-8207-8B635A618037}.Release|Any CPU.ActiveCfg = Release|Any CPU
		{9CFDDFF9-7F48-4F01-8207-8B635A618037}.Release|Any CPU.Build.0 = Release|Any CPU
		{1E1A427E-BA25-43BD-BAAB-B39FD774822E}.Debug|Any CPU.ActiveCfg = Debug|Any CPU
		{1E1A427E-BA25-43BD-BAAB-B39FD774822E}.Debug|Any CPU.Build.0 = Debug|Any CPU
		{1E1A427E-BA25-43BD-BAAB-B39FD774822E}.Release|Any CPU.ActiveCfg = Release|Any CPU
		{1E1A427E-BA25-43BD-BAAB-B39FD774822E}.Release|Any CPU.Build.0 = Release|Any CPU
	EndGlobalSection
	GlobalSection(SolutionProperties) = preSolution
		HideSolutionNode = FALSE
	EndGlobalSection
	GlobalSection(NestedProjects) = preSolution
		{DEB1CE1E-F6D5-4327-8BDF-97EA2B2FBF23} = {BC380105-EF37-45C2-9229-15D3A0C188D9}
		{97D2B31C-DCA5-4B25-B0DD-13924E8B96C4} = {F25B916E-376A-4D78-AB6F-009050BD8A9B}
		{3CD0029D-D5BA-45DE-BE60-BC62C5D7AD86} = {3CB4112A-2303-4AC2-95DC-B6864D081E22}
		{99E7C492-D7F6-45BA-92C7-7C1B24B0E6D7} = {BC380105-EF37-45C2-9229-15D3A0C188D9}
		{814A4BC2-E8AA-4E62-B450-1F3A5549433B} = {BC380105-EF37-45C2-9229-15D3A0C188D9}
		{A23AFFC6-DA6D-43EF-AE96-C1CEB0A24E2C} = {3CB4112A-2303-4AC2-95DC-B6864D081E22}
		{47C1074B-4696-4B1F-8B8B-85D5DB610689} = {3CB4112A-2303-4AC2-95DC-B6864D081E22}
		{472819ED-3CBE-4172-9595-1F2377B664C5} = {3CB4112A-2303-4AC2-95DC-B6864D081E22}
		{9CFDDFF9-7F48-4F01-8207-8B635A618037} = {3CB4112A-2303-4AC2-95DC-B6864D081E22}
		{1E1A427E-BA25-43BD-BAAB-B39FD774822E} = {BC380105-EF37-45C2-9229-15D3A0C188D9}
	EndGlobalSection
	GlobalSection(ExtensibilityGlobals) = postSolution
		SolutionGuid = {7788AED8-7D9A-4D6A-96A9-E85CFB8C22BD}
	EndGlobalSection
EndGlobal
